
Microsoft Visual Studio Solution File, Format Version 12.00
# Visual Studio Version 17
VisualStudioVersion = 17.3.32825.248
MinimumVisualStudioVersion = 10.0.40219.1
Project("{9A19103F-16F7-4668-BE54-9A1E7A4F7556}") = "Moebius", "Moebius\Moebius.csproj", "{68B0F998-95A7-44CD-881A-571B000F6AEA}"
EndProject
Global
	GlobalSection(SolutionConfigurationPlatforms) = preSolution
		Debug|Any CPU = Debug|Any CPU
		Release|Any CPU = Release|Any CPU
	EndGlobalSection
	GlobalSection(ProjectConfigurationPlatforms) = postSolution
		{68B0F998-95A7-44CD-881A-571B000F6AEA}.Debug|Any CPU.ActiveCfg = Debug|Any CPU
		{68B0F998-95A7-44CD-881A-571B000F6AEA}.Debug|Any CPU.Build.0 = Debug|Any CPU
		{68B0F998-95A7-44CD-881A-571B000F6AEA}.Release|Any CPU.ActiveCfg = Release|Any CPU
		{68B0F998-95A7-44CD-881A-571B000F6AEA}.Release|Any CPU.Build.0 = Release|Any CPU
	EndGlobalSection
	GlobalSection(SolutionProperties) = preSolution
		HideSolutionNode = FALSE
	EndGlobalSection
	GlobalSection(ExtensibilityGlobals) = postSolution
		SolutionGuid = {E867DECE-B627-4C8D-AC65-05672BF4B481}
	EndGlobalSection
EndGlobal
